// !$*UTF8*$!
{
	archiveVersion = 1;
	classes = {
	};
	objectVersion = 50;
	objects = {

/* Begin PBXBuildFile section */
		18BF8B0A24103A7900C16E08 /* AppDelegate.swift in Sources */ = {isa = PBXBuildFile; fileRef = 18BF8B0924103A7900C16E08 /* AppDelegate.swift */; };
		18BF8B0C24103A7900C16E08 /* SceneDelegate.swift in Sources */ = {isa = PBXBuildFile; fileRef = 18BF8B0B24103A7900C16E08 /* SceneDelegate.swift */; };
		18BF8B0E24103A7900C16E08 /* ImageListViewController.swift in Sources */ = {isa = PBXBuildFile; fileRef = 18BF8B0D24103A7900C16E08 /* ImageListViewController.swift */; };
		18BF8B1124103A7900C16E08 /* Main.storyboard in Resources */ = {isa = PBXBuildFile; fileRef = 18BF8B0F24103A7900C16E08 /* Main.storyboard */; };
		18BF8B1324103A7A00C16E08 /* Assets.xcassets in Resources */ = {isa = PBXBuildFile; fileRef = 18BF8B1224103A7A00C16E08 /* Assets.xcassets */; };
		18BF8B1624103A7A00C16E08 /* LaunchScreen.storyboard in Resources */ = {isa = PBXBuildFile; fileRef = 18BF8B1424103A7A00C16E08 /* LaunchScreen.storyboard */; };
		18BF8B2024103FB200C16E08 /* ImageTableViewCell.swift in Sources */ = {isa = PBXBuildFile; fileRef = 18BF8B1F24103FB200C16E08 /* ImageTableViewCell.swift */; };
		18BF8B222410419F00C16E08 /* Image.swift in Sources */ = {isa = PBXBuildFile; fileRef = 18BF8B212410419F00C16E08 /* Image.swift */; };
		18BF8B242410F85000C16E08 /* AddImageViewController.swift in Sources */ = {isa = PBXBuildFile; fileRef = 18BF8B232410F85000C16E08 /* AddImageViewController.swift */; };
		18BF8B282410F99E00C16E08 /* UIViewController + Helper.swift in Sources */ = {isa = PBXBuildFile; fileRef = 18BF8B272410F99E00C16E08 /* UIViewController + Helper.swift */; };
/* End PBXBuildFile section */

/* Begin PBXFileReference section */
		18BF8B0624103A7900C16E08 /* home16.app */ = {isa = PBXFileReference; explicitFileType = wrapper.application; includeInIndex = 0; path = home16.app; sourceTree = BUILT_PRODUCTS_DIR; };
		18BF8B0924103A7900C16E08 /* AppDelegate.swift */ = {isa = PBXFileReference; lastKnownFileType = sourcecode.swift; path = AppDelegate.swift; sourceTree = "<group>"; };
		18BF8B0B24103A7900C16E08 /* SceneDelegate.swift */ = {isa = PBXFileReference; lastKnownFileType = sourcecode.swift; path = SceneDelegate.swift; sourceTree = "<group>"; };
		18BF8B0D24103A7900C16E08 /* ImageListViewController.swift */ = {isa = PBXFileReference; lastKnownFileType = sourcecode.swift; path = ImageListViewController.swift; sourceTree = "<group>"; };
		18BF8B1024103A7900C16E08 /* Base */ = {isa = PBXFileReference; lastKnownFileType = file.storyboard; name = Base; path = Base.lproj/Main.storyboard; sourceTree = "<group>"; };
		18BF8B1224103A7A00C16E08 /* Assets.xcassets */ = {isa = PBXFileReference; lastKnownFileType = folder.assetcatalog; path = Assets.xcassets; sourceTree = "<group>"; };
		18BF8B1524103A7A00C16E08 /* Base */ = {isa = PBXFileReference; lastKnownFileType = file.storyboard; name = Base; path = Base.lproj/LaunchScreen.storyboard; sourceTree = "<group>"; };
		18BF8B1724103A7A00C16E08 /* Info.plist */ = {isa = PBXFileReference; lastKnownFileType = text.plist.xml; path = Info.plist; sourceTree = "<group>"; };
		18BF8B1F24103FB200C16E08 /* ImageTableViewCell.swift */ = {isa = PBXFileReference; lastKnownFileType = sourcecode.swift; path = ImageTableViewCell.swift; sourceTree = "<group>"; };
		18BF8B212410419F00C16E08 /* Image.swift */ = {isa = PBXFileReference; lastKnownFileType = sourcecode.swift; path = Image.swift; sourceTree = "<group>"; };
		18BF8B232410F85000C16E08 /* AddImageViewController.swift */ = {isa = PBXFileReference; lastKnownFileType = sourcecode.swift; path = AddImageViewController.swift; sourceTree = "<group>"; };
		18BF8B272410F99E00C16E08 /* UIViewController + Helper.swift */ = {isa = PBXFileReference; fileEncoding = 4; lastKnownFileType = sourcecode.swift; path = "UIViewController + Helper.swift"; sourceTree = "<group>"; };
/* End PBXFileReference section */

/* Begin PBXFrameworksBuildPhase section */
		18BF8B0324103A7900C16E08 /* Frameworks */ = {
			isa = PBXFrameworksBuildPhase;
			buildActionMask = 2147483647;
			files = (
			);
			runOnlyForDeploymentPostprocessing = 0;
		};
/* End PBXFrameworksBuildPhase section */

/* Begin PBXGroup section */
		18BF8AFD24103A7900C16E08 = {
			isa = PBXGroup;
			children = (
				18BF8B0824103A7900C16E08 /* home16 */,
				18BF8B0724103A7900C16E08 /* Products */,
			);
			sourceTree = "<group>";
		};
		18BF8B0724103A7900C16E08 /* Products */ = {
			isa = PBXGroup;
			children = (
				18BF8B0624103A7900C16E08 /* home16.app */,
			);
			name = Products;
			sourceTree = "<group>";
		};
		18BF8B0824103A7900C16E08 /* home16 */ = {
			isa = PBXGroup;
			children = (
				18BF8B272410F99E00C16E08 /* UIViewController + Helper.swift */,
				18BF8B0924103A7900C16E08 /* AppDelegate.swift */,
				18BF8B0B24103A7900C16E08 /* SceneDelegate.swift */,
				18BF8B0D24103A7900C16E08 /* ImageListViewController.swift */,
				18BF8B232410F85000C16E08 /* AddImageViewController.swift */,
				18BF8B1F24103FB200C16E08 /* ImageTableViewCell.swift */,
				18BF8B212410419F00C16E08 /* Image.swift */,
				18BF8B0F24103A7900C16E08 /* Main.storyboard */,
				18BF8B1224103A7A00C16E08 /* Assets.xcassets */,
				18BF8B1424103A7A00C16E08 /* LaunchScreen.storyboard */,
				18BF8B1724103A7A00C16E08 /* Info.plist */,
			);
			path = home16;
			sourceTree = "<group>";
		};
/* End PBXGroup section */

/* Begin PBXNativeTarget section */
		18BF8B0524103A7900C16E08 /* home16 */ = {
			isa = PBXNativeTarget;
			buildConfigurationList = 18BF8B1A24103A7A00C16E08 /* Build configuration list for PBXNativeTarget "home16" */;
			buildPhases = (
				18BF8B0224103A7900C16E08 /* Sources */,
				18BF8B0324103A7900C16E08 /* Frameworks */,
				18BF8B0424103A7900C16E08 /* Resources */,
			);
			buildRules = (
			);
			dependencies = (
			);
			name = home16;
			productName = home16;
			productReference = 18BF8B0624103A7900C16E08 /* home16.app */;
			productType = "com.apple.product-type.application";
		};
/* End PBXNativeTarget section */

/* Begin PBXProject section */
		18BF8AFE24103A7900C16E08 /* Project object */ = {
			isa = PBXProject;
			attributes = {
				LastSwiftUpdateCheck = 1130;
				LastUpgradeCheck = 1130;
				ORGANIZATIONNAME = David;
				TargetAttributes = {
					18BF8B0524103A7900C16E08 = {
						CreatedOnToolsVersion = 11.3.1;
					};
				};
			};
			buildConfigurationList = 18BF8B0124103A7900C16E08 /* Build configuration list for PBXProject "home16" */;
			compatibilityVersion = "Xcode 9.3";
			developmentRegion = en;
			hasScannedForEncodings = 0;
			knownRegions = (
				en,
				Base,
			);
			mainGroup = 18BF8AFD24103A7900C16E08;
			productRefGroup = 18BF8B0724103A7900C16E08 /* Products */;
			projectDirPath = "";
			projectRoot = "";
			targets = (
				18BF8B0524103A7900C16E08 /* home16 */,
			);
		};
/* End PBXProject section */

/* Begin PBXResourcesBuildPhase section */
		18BF8B0424103A7900C16E08 /* Resources */ = {
			isa = PBXResourcesBuildPhase;
			buildActionMask = 2147483647;
			files = (
				18BF8B1624103A7A00C16E08 /* LaunchScreen.storyboard in Resources */,
				18BF8B1324103A7A00C16E08 /* Assets.xcassets in Resources */,
				18BF8B1124103A7900C16E08 /* Main.storyboard in Resources */,
			);
			runOnlyForDeploymentPostprocessing = 0;
		};
/* End PBXResourcesBuildPhase section */

/* Begin PBXSourcesBuildPhase section */
		18BF8B0224103A7900C16E08 /* Sources */ = {
			isa = PBXSourcesBuildPhase;
			buildActionMask = 2147483647;
			files = (
				18BF8B0E24103A7900C16E08 /* ImageListViewController.swift in Sources */,
				18BF8B2024103FB200C16E08 /* ImageTableViewCell.swift in Sources */,
				18BF8B242410F85000C16E08 /* AddImageViewController.swift in Sources */,
				18BF8B282410F99E00C16E08 /* UIViewController + Helper.swift in Sources */,
				18BF8B0A24103A7900C16E08 /* AppDelegate.swift in Sources */,
				18BF8B0C24103A7900C16E08 /* SceneDelegate.swift in Sources */,
				18BF8B222410419F00C16E08 /* Image.swift in Sources */,
			);
			runOnlyForDeploymentPostprocessing = 0;
		};
/* End PBXSourcesBuildPhase section */

/* Begin PBXVariantGroup section */
		18BF8B0F24103A7900C16E08 /* Main.storyboard */ = {
			isa = PBXVariantGroup;
			children = (
				18BF8B1024103A7900C16E08 /* Base */,
			);
			name = Main.storyboard;
			sourceTree = "<group>";
		};
		18BF8B1424103A7A00C16E08 /* LaunchScreen.storyboard */ = {
			isa = PBXVariantGroup;
			children = (
				18BF8B1524103A7A00C16E08 /* Base */,
			);
			name = LaunchScreen.storyboard;
			sourceTree = "<group>";
		};
/* End PBXVariantGroup section */

/* Begin XCBuildConfiguration section */
		18BF8B1824103A7A00C16E08 /* Debug */ = {
			isa = XCBuildConfiguration;
			buildSettings = {
				ALWAYS_SEARCH_USER_PATHS = NO;
				CLANG_ANALYZER_NONNULL = YES;
				CLANG_ANALYZER_NUMBER_OBJECT_CONVERSION = YES_AGGRESSIVE;
				CLANG_CXX_LANGUAGE_STANDARD = "gnu++14";
				CLANG_CXX_LIBRARY = "libc++";
				CLANG_ENABLE_MODULES = YES;
				CLANG_ENABLE_OBJC_ARC = YES;
				CLANG_ENABLE_OBJC_WEAK = YES;
				CLANG_WARN_BLOCK_CAPTURE_AUTORELEASING = YES;
				CLANG_WARN_BOOL_CONVERSION = YES;
				CLANG_WARN_COMMA = YES;
				CLANG_WARN_CONSTANT_CONVERSION = YES;
				CLANG_WARN_DEPRECATED_OBJC_IMPLEMENTATIONS = YES;
				CLANG_WARN_DIRECT_OBJC_ISA_USAGE = YES_ERROR;
				CLANG_WARN_DOCUMENTATION_COMMENTS = YES;
				CLANG_WARN_EMPTY_BODY = YES;
				CLANG_WARN_ENUM_CONVERSION = YES;
				CLANG_WARN_INFINITE_RECURSION = YES;
				CLANG_WARN_INT_CONVERSION = YES;
				CLANG_WARN_NON_LITERAL_NULL_CONVERSION = YES;
				CLANG_WARN_OBJC_IMPLICIT_RETAIN_SELF = YES;
				CLANG_WARN_OBJC_LITERAL_CONVERSION = YES;
				CLANG_WARN_OBJC_ROOT_CLASS = YES_ERROR;
				CLANG_WARN_RANGE_LOOP_ANALYSIS = YES;
				CLANG_WARN_STRICT_PROTOTYPES = YES;
				CLANG_WARN_SUSPICIOUS_MOVE = YES;
				CLANG_WARN_UNGUARDED_AVAILABILITY = YES_AGGRESSIVE;
				CLANG_WARN_UNREACHABLE_CODE = YES;
				CLANG_WARN__DUPLICATE_METHOD_MATCH = YES;
				COPY_PHASE_STRIP = NO;
				DEBUG_INFORMATION_FORMAT = dwarf;
				ENABLE_STRICT_OBJC_MSGSEND = YES;
				ENABLE_TESTABILITY = YES;
				GCC_C_LANGUAGE_STANDARD = gnu11;
				GCC_DYNAMIC_NO_PIC = NO;
				GCC_NO_COMMON_BLOCKS = YES;
				GCC_OPTIMIZATION_LEVEL = 0;
				GCC_PREPROCESSOR_DEFINITIONS = (
					"DEBUG=1",
					"$(inherited)",
				);
				GCC_WARN_64_TO_32_BIT_CONVERSION = YES;
				GCC_WARN_ABOUT_RETURN_TYPE = YES_ERROR;
				GCC_WARN_UNDECLARED_SELECTOR = YES;
				GCC_WARN_UNINITIALIZED_AUTOS = YES_AGGRESSIVE;
				GCC_WARN_UNUSED_FUNCTION = YES;
				GCC_WARN_UNUSED_VARIABLE = YES;
				IPHONEOS_DEPLOYMENT_TARGET = 13.2;
				MTL_ENABLE_DEBUG_INFO = INCLUDE_SOURCE;
				MTL_FAST_MATH = YES;
				ONLY_ACTIVE_ARCH = YES;
				SDKROOT = iphoneos;
				SWIFT_ACTIVE_COMPILATION_CONDITIONS = DEBUG;
				SWIFT_OPTIMIZATION_LEVEL = "-Onone";
			};
			name = Debug;
		};
		18BF8B1924103A7A00C16E08 /* Release */ = {
			isa = XCBuildConfiguration;
			buildSettings = {
				ALWAYS_SEARCH_USER_PATHS = NO;
				CLANG_ANALYZER_NONNULL = YES;
				CLANG_ANALYZER_NUMBER_OBJECT_CONVERSION = YES_AGGRESSIVE;
				CLANG_CXX_LANGUAGE_STANDARD = "gnu++14";
				CLANG_CXX_LIBRARY = "libc++";
				CLANG_ENABLE_MODULES = YES;
				CLANG_ENABLE_OBJC_ARC = YES;
				CLANG_ENABLE_OBJC_WEAK = YES;
				CLANG_WARN_BLOCK_CAPTURE_AUTORELEASING = YES;
				CLANG_WARN_BOOL_CONVERSION = YES;
				CLANG_WARN_COMMA = YES;
				CLANG_WARN_CONSTANT_CONVERSION = YES;
				CLANG_WARN_DEPRECATED_OBJC_IMPLEMENTATIONS = YES;
				CLANG_WARN_DIRECT_OBJC_ISA_USAGE = YES_ERROR;
				CLANG_WARN_DOCUMENTATION_COMMENTS = YES;
				CLANG_WARN_EMPTY_BODY = YES;
				CLANG_WARN_ENUM_CONVERSION = YES;
				CLANG_WARN_INFINITE_RECURSION = YES;
				CLANG_WARN_INT_CONVERSION = YES;
				CLANG_WARN_NON_LITERAL_NULL_CONVERSION = YES;
				CLANG_WARN_OBJC_IMPLICIT_RETAIN_SELF = YES;
				CLANG_WARN_OBJC_LITERAL_CONVERSION = YES;
				CLANG_WARN_OBJC_ROOT_CLASS = YES_ERROR;
				CLANG_WARN_RANGE_LOOP_ANALYSIS = YES;
				CLANG_WARN_STRICT_PROTOTYPES = YES;
				CLANG_WARN_SUSPICIOUS_MOVE = YES;
				CLANG_WARN_UNGUARDED_AVAILABILITY = YES_AGGRESSIVE;
				CLANG_WARN_UNREACHABLE_CODE = YES;
				CLANG_WARN__DUPLICATE_METHOD_MATCH = YES;
				COPY_PHASE_STRIP = NO;
				DEBUG_INFORMATION_FORMAT = "dwarf-with-dsym";
				ENABLE_NS_ASSERTIONS = NO;
				ENABLE_STRICT_OBJC_MSGSEND = YES;
				GCC_C_LANGUAGE_STANDARD = gnu11;
				GCC_NO_COMMON_BLOCKS = YES;
				GCC_WARN_64_TO_32_BIT_CONVERSION = YES;
				GCC_WARN_ABOUT_RETURN_TYPE = YES_ERROR;
				GCC_WARN_UNDECLARED_SELECTOR = YES;
				GCC_WARN_UNINITIALIZED_AUTOS = YES_AGGRESSIVE;
				GCC_WARN_UNUSED_FUNCTION = YES;
				GCC_WARN_UNUSED_VARIABLE = YES;
				IPHONEOS_DEPLOYMENT_TARGET = 13.2;
				MTL_ENABLE_DEBUG_INFO = NO;
				MTL_FAST_MATH = YES;
				SDKROOT = iphoneos;
				SWIFT_COMPILATION_MODE = wholemodule;
				SWIFT_OPTIMIZATION_LEVEL = "-O";
				VALIDATE_PRODUCT = YES;
			};
			name = Release;
		};
		18BF8B1B24103A7A00C16E08 /* Debug */ = {
			isa = XCBuildConfiguration;
			buildSettings = {
				ASSETCATALOG_COMPILER_APPICON_NAME = AppIcon;
				CODE_SIGN_STYLE = Automatic;
				DEVELOPMENT_TEAM = 4TVGCW6P42;
				INFOPLIST_FILE = home16/Info.plist;
				LD_RUNPATH_SEARCH_PATHS = (
					"$(inherited)",
					"@executable_path/Frameworks",
				);
				PRODUCT_BUNDLE_IDENTIFIER = David.home16;
				PRODUCT_NAME = "$(TARGET_NAME)";
				SWIFT_VERSION = 5.0;
				TARGETED_DEVICE_FAMILY = "1,2";
			};
			name = Debug;
		};
		18BF8B1C24103A7A00C16E08 /* Release */ = {
			isa = XCBuildConfiguration;
			buildSettings = {
				ASSETCATALOG_COMPILER_APPICON_NAME = AppIcon;
				CODE_SIGN_STYLE = Automatic;
				DEVELOPMENT_TEAM = 4TVGCW6P42;
				INFOPLIST_FILE = home16/Info.plist;
				LD_RUNPATH_SEARCH_PATHS = (
					"$(inherited)",
					"@executable_path/Frameworks",
				);
				PRODUCT_BUNDLE_IDENTIFIER = David.home16;
				PRODUCT_NAME = "$(TARGET_NAME)";
				SWIFT_VERSION = 5.0;
				TARGETED_DEVICE_FAMILY = "1,2";
			};
			name = Release;
		};
/* End XCBuildConfiguration section */

/* Begin XCConfigurationList section */
		18BF8B0124103A7900C16E08 /* Build configuration list for PBXProject "home16" */ = {
			isa = XCConfigurationList;
			buildConfigurations = (
				18BF8B1824103A7A00C16E08 /* Debug */,
				18BF8B1924103A7A00C16E08 /* Release */,
			);
			defaultConfigurationIsVisible = 0;
			defaultConfigurationName = Release;
		};
		18BF8B1A24103A7A00C16E08 /* Build configuration list for PBXNativeTarget "home16" */ = {
			isa = XCConfigurationList;
			buildConfigurations = (
				18BF8B1B24103A7A00C16E08 /* Debug */,
				18BF8B1C24103A7A00C16E08 /* Release */,
			);
			defaultConfigurationIsVisible = 0;
			defaultConfigurationName = Release;
		};
/* End XCConfigurationList section */
	};
	rootObject = 18BF8AFE24103A7900C16E08 /* Project object */;
}
